
Microsoft Visual Studio Solution File, Format Version 12.00
# Visual Studio 14
VisualStudioVersion = 14.0.25123.0
MinimumVisualStudioVersion = 10.0.40219.1
Project("{FAE04EC0-301F-11D3-BF4B-00C04F79EFBC}") = "Misc", "Misc\Misc.csproj", "{F6D630EF-B1F3-49A0-9E99-489101CE587B}"
EndProject
Project("{FAE04EC0-301F-11D3-BF4B-00C04F79EFBC}") = "UnitTests", "UnitTests\UnitTests.csproj", "{DC047DD0-85D6-44ED-9365-5AE1FF36559A}"
EndProject
Project("{FAE04EC0-301F-11D3-BF4B-00C04F79EFBC}") = "Logging", "Logging\Logging.csproj", "{E5A6C096-64BE-47F3-9DF6-3BDD1BC65C20}"
EndProject
Project("{FAE04EC0-301F-11D3-BF4B-00C04F79EFBC}") = "Tracing", "Tracing\Tracing.csproj", "{380072B2-B892-4064-8307-CB6CF0D735D4}"
EndProject
Project("{FAE04EC0-301F-11D3-BF4B-00C04F79EFBC}") = "TraceEnumGenerator", "TraceEnumGenerator\TraceEnumGenerator.csproj", "{BEB026EA-1307-439B-B3E1-170D85A6340E}"
EndProject
Project("{FAE04EC0-301F-11D3-BF4B-00C04F79EFBC}") = "TracedTestApp", "TracedTestApp\TracedTestApp.csproj", "{2F8294AF-D300-477F-BDEA-02F09FE7CA4B}"
EndProject
Global
	GlobalSection(SolutionConfigurationPlatforms) = preSolution
		Debug|Any CPU = Debug|Any CPU
		Release|Any CPU = Release|Any CPU
	EndGlobalSection
	GlobalSection(ProjectConfigurationPlatforms) = postSolution
		{F6D630EF-B1F3-49A0-9E99-489101CE587B}.Debug|Any CPU.ActiveCfg = Debug|Any CPU
		{F6D630EF-B1F3-49A0-9E99-489101CE587B}.Debug|Any CPU.Build.0 = Debug|Any CPU
		{F6D630EF-B1F3-49A0-9E99-489101CE587B}.Release|Any CPU.ActiveCfg = Release|Any CPU
		{F6D630EF-B1F3-49A0-9E99-489101CE587B}.Release|Any CPU.Build.0 = Release|Any CPU
		{DC047DD0-85D6-44ED-9365-5AE1FF36559A}.Debug|Any CPU.ActiveCfg = Debug|Any CPU
		{DC047DD0-85D6-44ED-9365-5AE1FF36559A}.Debug|Any CPU.Build.0 = Debug|Any CPU
		{DC047DD0-85D6-44ED-9365-5AE1FF36559A}.Release|Any CPU.ActiveCfg = Release|Any CPU
		{DC047DD0-85D6-44ED-9365-5AE1FF36559A}.Release|Any CPU.Build.0 = Release|Any CPU
		{E5A6C096-64BE-47F3-9DF6-3BDD1BC65C20}.Debug|Any CPU.ActiveCfg = Debug|Any CPU
		{E5A6C096-64BE-47F3-9DF6-3BDD1BC65C20}.Debug|Any CPU.Build.0 = Debug|Any CPU
		{E5A6C096-64BE-47F3-9DF6-3BDD1BC65C20}.Release|Any CPU.ActiveCfg = Release|Any CPU
		{E5A6C096-64BE-47F3-9DF6-3BDD1BC65C20}.Release|Any CPU.Build.0 = Release|Any CPU
		{380072B2-B892-4064-8307-CB6CF0D735D4}.Debug|Any CPU.ActiveCfg = Debug|Any CPU
		{380072B2-B892-4064-8307-CB6CF0D735D4}.Debug|Any CPU.Build.0 = Debug|Any CPU
		{380072B2-B892-4064-8307-CB6CF0D735D4}.Release|Any CPU.ActiveCfg = Release|Any CPU
		{380072B2-B892-4064-8307-CB6CF0D735D4}.Release|Any CPU.Build.0 = Release|Any CPU
		{BEB026EA-1307-439B-B3E1-170D85A6340E}.Debug|Any CPU.ActiveCfg = Debug|Any CPU
		{BEB026EA-1307-439B-B3E1-170D85A6340E}.Debug|Any CPU.Build.0 = Debug|Any CPU
		{BEB026EA-1307-439B-B3E1-170D85A6340E}.Release|Any CPU.ActiveCfg = Release|Any CPU
		{BEB026EA-1307-439B-B3E1-170D85A6340E}.Release|Any CPU.Build.0 = Release|Any CPU
		{2F8294AF-D300-477F-BDEA-02F09FE7CA4B}.Debug|Any CPU.ActiveCfg = Debug|Any CPU
		{2F8294AF-D300-477F-BDEA-02F09FE7CA4B}.Debug|Any CPU.Build.0 = Debug|Any CPU
		{2F8294AF-D300-477F-BDEA-02F09FE7CA4B}.Release|Any CPU.ActiveCfg = Release|Any CPU
		{2F8294AF-D300-477F-BDEA-02F09FE7CA4B}.Release|Any CPU.Build.0 = Release|Any CPU
	EndGlobalSection
	GlobalSection(SolutionProperties) = preSolution
		HideSolutionNode = FALSE
	EndGlobalSection
EndGlobal
